// !$*UTF8*$!
{
	archiveVersion = 1;
	classes = {
	};
	objectVersion = 77;
	objects = {

/* Begin PBXBuildFile section */
		04CD2D032DCA4B3D0056B4C4 /* Auth in Frameworks */ = {isa = PBXBuildFile; productRef = 04CD2D022DCA4B3D0056B4C4 /* Auth */; };
		04CD2D052DCA4B3D0056B4C4 /* Functions in Frameworks */ = {isa = PBXBuildFile; productRef = 04CD2D042DCA4B3D0056B4C4 /* Functions */; };
		04CD2D072DCA4B3D0056B4C4 /* PostgREST in Frameworks */ = {isa = PBXBuildFile; productRef = 04CD2D062DCA4B3D0056B4C4 /* PostgREST */; };
		04CD2D092DCA4B3D0056B4C4 /* Realtime in Frameworks */ = {isa = PBXBuildFile; productRef = 04CD2D082DCA4B3D0056B4C4 /* Realtime */; };
		04CD2D0B2DCA4B3D0056B4C4 /* Storage in Frameworks */ = {isa = PBXBuildFile; productRef = 04CD2D0A2DCA4B3D0056B4C4 /* Storage */; };
		04CD2D0D2DCA4B3D0056B4C4 /* Supabase in Frameworks */ = {isa = PBXBuildFile; productRef = 04CD2D0C2DCA4B3D0056B4C4 /* Supabase */; };
		04CD2D102DCA4BC90056B4C4 /* FirebaseAuth in Frameworks */ = {isa = PBXBuildFile; productRef = 04CD2D0F2DCA4BC90056B4C4 /* FirebaseAuth */; };
		04CD2D122DCA4BC90056B4C4 /* FirebaseAuthCombine-Community in Frameworks */ = {isa = PBXBuildFile; productRef = 04CD2D112DCA4BC90056B4C4 /* FirebaseAuthCombine-Community */; };
		04CD2D142DCA4BC90056B4C4 /* FirebaseCore in Frameworks */ = {isa = PBXBuildFile; productRef = 04CD2D132DCA4BC90056B4C4 /* FirebaseCore */; };
		04CD2D162DCA4BC90056B4C4 /* FirebaseDatabase in Frameworks */ = {isa = PBXBuildFile; productRef = 04CD2D152DCA4BC90056B4C4 /* FirebaseDatabase */; };
		04CD2D182DCA4BC90056B4C4 /* FirebaseFirestore in Frameworks */ = {isa = PBXBuildFile; productRef = 04CD2D172DCA4BC90056B4C4 /* FirebaseFirestore */; };
		04CD2D1A2DCA4BC90056B4C4 /* FirebaseFirestoreCombine-Community in Frameworks */ = {isa = PBXBuildFile; productRef = 04CD2D192DCA4BC90056B4C4 /* FirebaseFirestoreCombine-Community */; };
		04CD2D1C2DCA4BC90056B4C4 /* FirebaseStorage in Frameworks */ = {isa = PBXBuildFile; productRef = 04CD2D1B2DCA4BC90056B4C4 /* FirebaseStorage */; };
		04CD2D1F2DCA4C150056B4C4 /* Kingfisher in Frameworks */ = {isa = PBXBuildFile; productRef = 04CD2D1E2DCA4C150056B4C4 /* Kingfisher */; };
		04CD2D222DCA4C3E0056B4C4 /* RevenueCat in Frameworks */ = {isa = PBXBuildFile; productRef = 04CD2D212DCA4C3E0056B4C4 /* RevenueCat */; };
		04CD2D242DCA4C3E0056B4C4 /* RevenueCatUI in Frameworks */ = {isa = PBXBuildFile; productRef = 04CD2D232DCA4C3E0056B4C4 /* RevenueCatUI */; };
/* End PBXBuildFile section */

/* Begin PBXFileReference section */
		04CD2BD32DCA121D0056B4C4 /* GoCart.app */ = {isa = PBXFileReference; explicitFileType = wrapper.application; includeInIndex = 0; path = GoCart.app; sourceTree = BUILT_PRODUCTS_DIR; };
/* End PBXFileReference section */

/* Begin PBXFileSystemSynchronizedRootGroup section */
		04CD2BD52DCA121D0056B4C4 /* GoCart */ = {
			isa = PBXFileSystemSynchronizedRootGroup;
			path = GoCart;
			sourceTree = "<group>";
		};
/* End PBXFileSystemSynchronizedRootGroup section */

/* Begin PBXFrameworksBuildPhase section */
		04CD2BD02DCA121D0056B4C4 /* Frameworks */ = {
			isa = PBXFrameworksBuildPhase;
			buildActionMask = 2147483647;
			files = (
				04CD2D162DCA4BC90056B4C4 /* FirebaseDatabase in Frameworks */,
				04CD2D072DCA4B3D0056B4C4 /* PostgREST in Frameworks */,
				04CD2D222DCA4C3E0056B4C4 /* RevenueCat in Frameworks */,
				04CD2D1F2DCA4C150056B4C4 /* Kingfisher in Frameworks */,
				04CD2D052DCA4B3D0056B4C4 /* Functions in Frameworks */,
				04CD2D0D2DCA4B3D0056B4C4 /* Supabase in Frameworks */,
				04CD2D032DCA4B3D0056B4C4 /* Auth in Frameworks */,
				04CD2D0B2DCA4B3D0056B4C4 /* Storage in Frameworks */,
				04CD2D102DCA4BC90056B4C4 /* FirebaseAuth in Frameworks */,
				04CD2D092DCA4B3D0056B4C4 /* Realtime in Frameworks */,
				04CD2D1C2DCA4BC90056B4C4 /* FirebaseStorage in Frameworks */,
				04CD2D142DCA4BC90056B4C4 /* FirebaseCore in Frameworks */,
				04CD2D242DCA4C3E0056B4C4 /* RevenueCatUI in Frameworks */,
				04CD2D1A2DCA4BC90056B4C4 /* FirebaseFirestoreCombine-Community in Frameworks */,
				04CD2D182DCA4BC90056B4C4 /* FirebaseFirestore in Frameworks */,
				04CD2D122DCA4BC90056B4C4 /* FirebaseAuthCombine-Community in Frameworks */,
			);
			runOnlyForDeploymentPostprocessing = 0;
		};
/* End PBXFrameworksBuildPhase section */

/* Begin PBXGroup section */
		04CD2BCA2DCA121D0056B4C4 = {
			isa = PBXGroup;
			children = (
				04CD2BD52DCA121D0056B4C4 /* GoCart */,
				04CD2BD42DCA121D0056B4C4 /* Products */,
			);
			sourceTree = "<group>";
		};
		04CD2BD42DCA121D0056B4C4 /* Products */ = {
			isa = PBXGroup;
			children = (
				04CD2BD32DCA121D0056B4C4 /* GoCart.app */,
			);
			name = Products;
			sourceTree = "<group>";
		};
/* End PBXGroup section */

/* Begin PBXNativeTarget section */
		04CD2BD22DCA121D0056B4C4 /* GoCart */ = {
			isa = PBXNativeTarget;
			buildConfigurationList = 04CD2BDE2DCA121F0056B4C4 /* Build configuration list for PBXNativeTarget "GoCart" */;
			buildPhases = (
				04CD2BCF2DCA121D0056B4C4 /* Sources */,
				04CD2BD02DCA121D0056B4C4 /* Frameworks */,
				04CD2BD12DCA121D0056B4C4 /* Resources */,
			);
			buildRules = (
			);
			dependencies = (
			);
			fileSystemSynchronizedGroups = (
				04CD2BD52DCA121D0056B4C4 /* GoCart */,
			);
			name = GoCart;
			packageProductDependencies = (
				04CD2D022DCA4B3D0056B4C4 /* Auth */,
				04CD2D042DCA4B3D0056B4C4 /* Functions */,
				04CD2D062DCA4B3D0056B4C4 /* PostgREST */,
				04CD2D082DCA4B3D0056B4C4 /* Realtime */,
				04CD2D0A2DCA4B3D0056B4C4 /* Storage */,
				04CD2D0C2DCA4B3D0056B4C4 /* Supabase */,
				04CD2D0F2DCA4BC90056B4C4 /* FirebaseAuth */,
				04CD2D112DCA4BC90056B4C4 /* FirebaseAuthCombine-Community */,
				04CD2D132DCA4BC90056B4C4 /* FirebaseCore */,
				04CD2D152DCA4BC90056B4C4 /* FirebaseDatabase */,
				04CD2D172DCA4BC90056B4C4 /* FirebaseFirestore */,
				04CD2D192DCA4BC90056B4C4 /* FirebaseFirestoreCombine-Community */,
				04CD2D1B2DCA4BC90056B4C4 /* FirebaseStorage */,
				04CD2D1E2DCA4C150056B4C4 /* Kingfisher */,
				04CD2D212DCA4C3E0056B4C4 /* RevenueCat */,
				04CD2D232DCA4C3E0056B4C4 /* RevenueCatUI */,
			);
			productName = GoCart;
			productReference = 04CD2BD32DCA121D0056B4C4 /* GoCart.app */;
			productType = "com.apple.product-type.application";
		};
/* End PBXNativeTarget section */

/* Begin PBXProject section */
		04CD2BCB2DCA121D0056B4C4 /* Project object */ = {
			isa = PBXProject;
			attributes = {
				BuildIndependentTargetsInParallel = 1;
				LastSwiftUpdateCheck = 1630;
				LastUpgradeCheck = 1630;
				TargetAttributes = {
					04CD2BD22DCA121D0056B4C4 = {
						CreatedOnToolsVersion = 16.3;
					};
				};
			};
			buildConfigurationList = 04CD2BCE2DCA121D0056B4C4 /* Build configuration list for PBXProject "GoCart" */;
			developmentRegion = en;
			hasScannedForEncodings = 0;
			knownRegions = (
				en,
				Base,
			);
			mainGroup = 04CD2BCA2DCA121D0056B4C4;
			minimizedProjectReferenceProxies = 1;
			packageReferences = (
				04CD2D012DCA4B3D0056B4C4 /* XCRemoteSwiftPackageReference "supabase-swift" */,
				04CD2D0E2DCA4BC90056B4C4 /* XCRemoteSwiftPackageReference "firebase-ios-sdk" */,
				04CD2D1D2DCA4C150056B4C4 /* XCRemoteSwiftPackageReference "Kingfisher" */,
				04CD2D202DCA4C3E0056B4C4 /* XCRemoteSwiftPackageReference "purchases-ios" */,
			);
			preferredProjectObjectVersion = 77;
			productRefGroup = 04CD2BD42DCA121D0056B4C4 /* Products */;
			projectDirPath = "";
			projectRoot = "";
			targets = (
				04CD2BD22DCA121D0056B4C4 /* GoCart */,
			);
		};
/* End PBXProject section */

/* Begin PBXResourcesBuildPhase section */
		04CD2BD12DCA121D0056B4C4 /* Resources */ = {
			isa = PBXResourcesBuildPhase;
			buildActionMask = 2147483647;
			files = (
			);
			runOnlyForDeploymentPostprocessing = 0;
		};
/* End PBXResourcesBuildPhase section */

/* Begin PBXSourcesBuildPhase section */
		04CD2BCF2DCA121D0056B4C4 /* Sources */ = {
			isa = PBXSourcesBuildPhase;
			buildActionMask = 2147483647;
			files = (
			);
			runOnlyForDeploymentPostprocessing = 0;
		};
/* End PBXSourcesBuildPhase section */

/* Begin XCBuildConfiguration section */
		04CD2BDC2DCA121F0056B4C4 /* Debug */ = {
			isa = XCBuildConfiguration;
			buildSettings = {
				ALWAYS_SEARCH_USER_PATHS = NO;
				ASSETCATALOG_COMPILER_GENERATE_SWIFT_ASSET_SYMBOL_EXTENSIONS = YES;
				CLANG_ANALYZER_NONNULL = YES;
				CLANG_ANALYZER_NUMBER_OBJECT_CONVERSION = YES_AGGRESSIVE;
				CLANG_CXX_LANGUAGE_STANDARD = "gnu++20";
				CLANG_ENABLE_MODULES = YES;
				CLANG_ENABLE_OBJC_ARC = YES;
				CLANG_ENABLE_OBJC_WEAK = YES;
				CLANG_WARN_BLOCK_CAPTURE_AUTORELEASING = YES;
				CLANG_WARN_BOOL_CONVERSION = YES;
				CLANG_WARN_COMMA = YES;
				CLANG_WARN_CONSTANT_CONVERSION = YES;
				CLANG_WARN_DEPRECATED_OBJC_IMPLEMENTATIONS = YES;
				CLANG_WARN_DIRECT_OBJC_ISA_USAGE = YES_ERROR;
				CLANG_WARN_DOCUMENTATION_COMMENTS = YES;
				CLANG_WARN_EMPTY_BODY = YES;
				CLANG_WARN_ENUM_CONVERSION = YES;
				CLANG_WARN_INFINITE_RECURSION = YES;
				CLANG_WARN_INT_CONVERSION = YES;
				CLANG_WARN_NON_LITERAL_NULL_CONVERSION = YES;
				CLANG_WARN_OBJC_IMPLICIT_RETAIN_SELF = YES;
				CLANG_WARN_OBJC_LITERAL_CONVERSION = YES;
				CLANG_WARN_OBJC_ROOT_CLASS = YES_ERROR;
				CLANG_WARN_QUOTED_INCLUDE_IN_FRAMEWORK_HEADER = YES;
				CLANG_WARN_RANGE_LOOP_ANALYSIS = YES;
				CLANG_WARN_STRICT_PROTOTYPES = YES;
				CLANG_WARN_SUSPICIOUS_MOVE = YES;
				CLANG_WARN_UNGUARDED_AVAILABILITY = YES_AGGRESSIVE;
				CLANG_WARN_UNREACHABLE_CODE = YES;
				CLANG_WARN__DUPLICATE_METHOD_MATCH = YES;
				COPY_PHASE_STRIP = NO;
				DEBUG_INFORMATION_FORMAT = dwarf;
				DEVELOPMENT_TEAM = 4B5MGZPPTF;
				ENABLE_STRICT_OBJC_MSGSEND = YES;
				ENABLE_TESTABILITY = YES;
				ENABLE_USER_SCRIPT_SANDBOXING = YES;
				GCC_C_LANGUAGE_STANDARD = gnu17;
				GCC_DYNAMIC_NO_PIC = NO;
				GCC_NO_COMMON_BLOCKS = YES;
				GCC_OPTIMIZATION_LEVEL = 0;
				GCC_PREPROCESSOR_DEFINITIONS = (
					"DEBUG=1",
					"$(inherited)",
				);
				GCC_WARN_64_TO_32_BIT_CONVERSION = YES;
				GCC_WARN_ABOUT_RETURN_TYPE = YES_ERROR;
				GCC_WARN_UNDECLARED_SELECTOR = YES;
				GCC_WARN_UNINITIALIZED_AUTOS = YES_AGGRESSIVE;
				GCC_WARN_UNUSED_FUNCTION = YES;
				GCC_WARN_UNUSED_VARIABLE = YES;
				IPHONEOS_DEPLOYMENT_TARGET = 18.4;
				LOCALIZATION_PREFERS_STRING_CATALOGS = YES;
				MTL_ENABLE_DEBUG_INFO = INCLUDE_SOURCE;
				MTL_FAST_MATH = YES;
				ONLY_ACTIVE_ARCH = YES;
				SDKROOT = iphoneos;
				SWIFT_ACTIVE_COMPILATION_CONDITIONS = "DEBUG $(inherited)";
				SWIFT_OPTIMIZATION_LEVEL = "-Onone";
			};
			name = Debug;
		};
		04CD2BDD2DCA121F0056B4C4 /* Release */ = {
			isa = XCBuildConfiguration;
			buildSettings = {
				ALWAYS_SEARCH_USER_PATHS = NO;
				ASSETCATALOG_COMPILER_GENERATE_SWIFT_ASSET_SYMBOL_EXTENSIONS = YES;
				CLANG_ANALYZER_NONNULL = YES;
				CLANG_ANALYZER_NUMBER_OBJECT_CONVERSION = YES_AGGRESSIVE;
				CLANG_CXX_LANGUAGE_STANDARD = "gnu++20";
				CLANG_ENABLE_MODULES = YES;
				CLANG_ENABLE_OBJC_ARC = YES;
				CLANG_ENABLE_OBJC_WEAK = YES;
				CLANG_WARN_BLOCK_CAPTURE_AUTORELEASING = YES;
				CLANG_WARN_BOOL_CONVERSION = YES;
				CLANG_WARN_COMMA = YES;
				CLANG_WARN_CONSTANT_CONVERSION = YES;
				CLANG_WARN_DEPRECATED_OBJC_IMPLEMENTATIONS = YES;
				CLANG_WARN_DIRECT_OBJC_ISA_USAGE = YES_ERROR;
				CLANG_WARN_DOCUMENTATION_COMMENTS = YES;
				CLANG_WARN_EMPTY_BODY = YES;
				CLANG_WARN_ENUM_CONVERSION = YES;
				CLANG_WARN_INFINITE_RECURSION = YES;
				CLANG_WARN_INT_CONVERSION = YES;
				CLANG_WARN_NON_LITERAL_NULL_CONVERSION = YES;
				CLANG_WARN_OBJC_IMPLICIT_RETAIN_SELF = YES;
				CLANG_WARN_OBJC_LITERAL_CONVERSION = YES;
				CLANG_WARN_OBJC_ROOT_CLASS = YES_ERROR;
				CLANG_WARN_QUOTED_INCLUDE_IN_FRAMEWORK_HEADER = YES;
				CLANG_WARN_RANGE_LOOP_ANALYSIS = YES;
				CLANG_WARN_STRICT_PROTOTYPES = YES;
				CLANG_WARN_SUSPICIOUS_MOVE = YES;
				CLANG_WARN_UNGUARDED_AVAILABILITY = YES_AGGRESSIVE;
				CLANG_WARN_UNREACHABLE_CODE = YES;
				CLANG_WARN__DUPLICATE_METHOD_MATCH = YES;
				COPY_PHASE_STRIP = NO;
				DEBUG_INFORMATION_FORMAT = "dwarf-with-dsym";
				DEVELOPMENT_TEAM = 4B5MGZPPTF;
				ENABLE_NS_ASSERTIONS = NO;
				ENABLE_STRICT_OBJC_MSGSEND = YES;
				ENABLE_USER_SCRIPT_SANDBOXING = YES;
				GCC_C_LANGUAGE_STANDARD = gnu17;
				GCC_NO_COMMON_BLOCKS = YES;
				GCC_WARN_64_TO_32_BIT_CONVERSION = YES;
				GCC_WARN_ABOUT_RETURN_TYPE = YES_ERROR;
				GCC_WARN_UNDECLARED_SELECTOR = YES;
				GCC_WARN_UNINITIALIZED_AUTOS = YES_AGGRESSIVE;
				GCC_WARN_UNUSED_FUNCTION = YES;
				GCC_WARN_UNUSED_VARIABLE = YES;
				IPHONEOS_DEPLOYMENT_TARGET = 18.4;
				LOCALIZATION_PREFERS_STRING_CATALOGS = YES;
				MTL_ENABLE_DEBUG_INFO = NO;
				MTL_FAST_MATH = YES;
				SDKROOT = iphoneos;
				SWIFT_COMPILATION_MODE = wholemodule;
				VALIDATE_PRODUCT = YES;
			};
			name = Release;
		};
		04CD2BDF2DCA121F0056B4C4 /* Debug */ = {
			isa = XCBuildConfiguration;
			buildSettings = {
				ASSETCATALOG_COMPILER_APPICON_NAME = AppIcon;
				ASSETCATALOG_COMPILER_GLOBAL_ACCENT_COLOR_NAME = AccentColor;
				CODE_SIGN_STYLE = Automatic;
				CURRENT_PROJECT_VERSION = 1;
				DEVELOPMENT_TEAM = 4B5MGZPPTF;
				ENABLE_PREVIEWS = YES;
				GENERATE_INFOPLIST_FILE = YES;
				INFOPLIST_KEY_UIApplicationSceneManifest_Generation = YES;
				INFOPLIST_KEY_UIApplicationSupportsIndirectInputEvents = YES;
				INFOPLIST_KEY_UILaunchScreen_Generation = YES;
				INFOPLIST_KEY_UISupportedInterfaceOrientations_iPad = "UIInterfaceOrientationPortrait UIInterfaceOrientationPortraitUpsideDown UIInterfaceOrientationLandscapeLeft UIInterfaceOrientationLandscapeRight";
				INFOPLIST_KEY_UISupportedInterfaceOrientations_iPhone = "UIInterfaceOrientationPortrait UIInterfaceOrientationLandscapeLeft UIInterfaceOrientationLandscapeRight";
				LD_RUNPATH_SEARCH_PATHS = (
					"$(inherited)",
					"@executable_path/Frameworks",
				);
				MARKETING_VERSION = 1.0;
				PRODUCT_BUNDLE_IDENTIFIER = "Van-mai.GoCart";
				PRODUCT_NAME = "$(TARGET_NAME)";
				SWIFT_EMIT_LOC_STRINGS = YES;
				SWIFT_VERSION = 5.0;
				TARGETED_DEVICE_FAMILY = "1,2";
			};
			name = Debug;
		};
		04CD2BE02DCA121F0056B4C4 /* Release */ = {
			isa = XCBuildConfiguration;
			buildSettings = {
				ASSETCATALOG_COMPILER_APPICON_NAME = AppIcon;
				ASSETCATALOG_COMPILER_GLOBAL_ACCENT_COLOR_NAME = AccentColor;
				CODE_SIGN_STYLE = Automatic;
				CURRENT_PROJECT_VERSION = 1;
				DEVELOPMENT_TEAM = 4B5MGZPPTF;
				ENABLE_PREVIEWS = YES;
				GENERATE_INFOPLIST_FILE = YES;
				INFOPLIST_KEY_UIApplicationSceneManifest_Generation = YES;
				INFOPLIST_KEY_UIApplicationSupportsIndirectInputEvents = YES;
				INFOPLIST_KEY_UILaunchScreen_Generation = YES;
				INFOPLIST_KEY_UISupportedInterfaceOrientations_iPad = "UIInterfaceOrientationPortrait UIInterfaceOrientationPortraitUpsideDown UIInterfaceOrientationLandscapeLeft UIInterfaceOrientationLandscapeRight";
				INFOPLIST_KEY_UISupportedInterfaceOrientations_iPhone = "UIInterfaceOrientationPortrait UIInterfaceOrientationLandscapeLeft UIInterfaceOrientationLandscapeRight";
				LD_RUNPATH_SEARCH_PATHS = (
					"$(inherited)",
					"@executable_path/Frameworks",
				);
				MARKETING_VERSION = 1.0;
				PRODUCT_BUNDLE_IDENTIFIER = "Van-mai.GoCart";
				PRODUCT_NAME = "$(TARGET_NAME)";
				SWIFT_EMIT_LOC_STRINGS = YES;
				SWIFT_VERSION = 5.0;
				TARGETED_DEVICE_FAMILY = "1,2";
			};
			name = Release;
		};
/* End XCBuildConfiguration section */

/* Begin XCConfigurationList section */
		04CD2BCE2DCA121D0056B4C4 /* Build configuration list for PBXProject "GoCart" */ = {
			isa = XCConfigurationList;
			buildConfigurations = (
				04CD2BDC2DCA121F0056B4C4 /* Debug */,
				04CD2BDD2DCA121F0056B4C4 /* Release */,
			);
			defaultConfigurationIsVisible = 0;
			defaultConfigurationName = Release;
		};
		04CD2BDE2DCA121F0056B4C4 /* Build configuration list for PBXNativeTarget "GoCart" */ = {
			isa = XCConfigurationList;
			buildConfigurations = (
				04CD2BDF2DCA121F0056B4C4 /* Debug */,
				04CD2BE02DCA121F0056B4C4 /* Release */,
			);
			defaultConfigurationIsVisible = 0;
			defaultConfigurationName = Release;
		};
/* End XCConfigurationList section */

/* Begin XCRemoteSwiftPackageReference section */
		04CD2D012DCA4B3D0056B4C4 /* XCRemoteSwiftPackageReference "supabase-swift" */ = {
			isa = XCRemoteSwiftPackageReference;
			repositoryURL = "https://github.com/supabase/supabase-swift.git";
			requirement = {
				kind = upToNextMajorVersion;
				minimumVersion = 2.5.1;
			};
		};
		04CD2D0E2DCA4BC90056B4C4 /* XCRemoteSwiftPackageReference "firebase-ios-sdk" */ = {
			isa = XCRemoteSwiftPackageReference;
			repositoryURL = "https://github.com/firebase/firebase-ios-sdk.git";
			requirement = {
				kind = upToNextMajorVersion;
				minimumVersion = 11.12.0;
			};
		};
		04CD2D1D2DCA4C150056B4C4 /* XCRemoteSwiftPackageReference "Kingfisher" */ = {
			isa = XCRemoteSwiftPackageReference;
			repositoryURL = "https://github.com/onevcat/Kingfisher.git";
			requirement = {
				kind = upToNextMajorVersion;
				minimumVersion = 8.3.2;
			};
		};
		04CD2D202DCA4C3E0056B4C4 /* XCRemoteSwiftPackageReference "purchases-ios" */ = {
			isa = XCRemoteSwiftPackageReference;
			repositoryURL = "https://github.com/RevenueCat/purchases-ios.git";
			requirement = {
				kind = upToNextMajorVersion;
				minimumVersion = 5.22.2;
			};
		};
/* End XCRemoteSwiftPackageReference section */

/* Begin XCSwiftPackageProductDependency section */
		04CD2D022DCA4B3D0056B4C4 /* Auth */ = {
			isa = XCSwiftPackageProductDependency;
			package = 04CD2D012DCA4B3D0056B4C4 /* XCRemoteSwiftPackageReference "supabase-swift" */;
			productName = Auth;
		};
		04CD2D042DCA4B3D0056B4C4 /* Functions */ = {
			isa = XCSwiftPackageProductDependency;
			package = 04CD2D012DCA4B3D0056B4C4 /* XCRemoteSwiftPackageReference "supabase-swift" */;
			productName = Functions;
		};
		04CD2D062DCA4B3D0056B4C4 /* PostgREST */ = {
			isa = XCSwiftPackageProductDependency;
			package = 04CD2D012DCA4B3D0056B4C4 /* XCRemoteSwiftPackageReference "supabase-swift" */;
			productName = PostgREST;
		};
		04CD2D082DCA4B3D0056B4C4 /* Realtime */ = {
			isa = XCSwiftPackageProductDependency;
			package = 04CD2D012DCA4B3D0056B4C4 /* XCRemoteSwiftPackageReference "supabase-swift" */;
			productName = Realtime;
		};
		04CD2D0A2DCA4B3D0056B4C4 /* Storage */ = {
			isa = XCSwiftPackageProductDependency;
			package = 04CD2D012DCA4B3D0056B4C4 /* XCRemoteSwiftPackageReference "supabase-swift" */;
			productName = Storage;
		};
		04CD2D0C2DCA4B3D0056B4C4 /* Supabase */ = {
			isa = XCSwiftPackageProductDependency;
			package = 04CD2D012DCA4B3D0056B4C4 /* XCRemoteSwiftPackageReference "supabase-swift" */;
			productName = Supabase;
		};
		04CD2D0F2DCA4BC90056B4C4 /* FirebaseAuth */ = {
			isa = XCSwiftPackageProductDependency;
			package = 04CD2D0E2DCA4BC90056B4C4 /* XCRemoteSwiftPackageReference "firebase-ios-sdk" */;
			productName = FirebaseAuth;
		};
		04CD2D112DCA4BC90056B4C4 /* FirebaseAuthCombine-Community */ = {
			isa = XCSwiftPackageProductDependency;
			package = 04CD2D0E2DCA4BC90056B4C4 /* XCRemoteSwiftPackageReference "firebase-ios-sdk" */;
			productName = "FirebaseAuthCombine-Community";
		};
		04CD2D132DCA4BC90056B4C4 /* FirebaseCore */ = {
			isa = XCSwiftPackageProductDependency;
			package = 04CD2D0E2DCA4BC90056B4C4 /* XCRemoteSwiftPackageReference "firebase-ios-sdk" */;
			productName = FirebaseCore;
		};
		04CD2D152DCA4BC90056B4C4 /* FirebaseDatabase */ = {
			isa = XCSwiftPackageProductDependency;
			package = 04CD2D0E2DCA4BC90056B4C4 /* XCRemoteSwiftPackageReference "firebase-ios-sdk" */;
			productName = FirebaseDatabase;
		};
		04CD2D172DCA4BC90056B4C4 /* FirebaseFirestore */ = {
			isa = XCSwiftPackageProductDependency;
			package = 04CD2D0E2DCA4BC90056B4C4 /* XCRemoteSwiftPackageReference "firebase-ios-sdk" */;
			productName = FirebaseFirestore;
		};
		04CD2D192DCA4BC90056B4C4 /* FirebaseFirestoreCombine-Community */ = {
			isa = XCSwiftPackageProductDependency;
			package = 04CD2D0E2DCA4BC90056B4C4 /* XCRemoteSwiftPackageReference "firebase-ios-sdk" */;
			productName = "FirebaseFirestoreCombine-Community";
		};
		04CD2D1B2DCA4BC90056B4C4 /* FirebaseStorage */ = {
			isa = XCSwiftPackageProductDependency;
			package = 04CD2D0E2DCA4BC90056B4C4 /* XCRemoteSwiftPackageReference "firebase-ios-sdk" */;
			productName = FirebaseStorage;
		};
		04CD2D1E2DCA4C150056B4C4 /* Kingfisher */ = {
			isa = XCSwiftPackageProductDependency;
			package = 04CD2D1D2DCA4C150056B4C4 /* XCRemoteSwiftPackageReference "Kingfisher" */;
			productName = Kingfisher;
		};
		04CD2D212DCA4C3E0056B4C4 /* RevenueCat */ = {
			isa = XCSwiftPackageProductDependency;
			package = 04CD2D202DCA4C3E0056B4C4 /* XCRemoteSwiftPackageReference "purchases-ios" */;
			productName = RevenueCat;
		};
		04CD2D232DCA4C3E0056B4C4 /* RevenueCatUI */ = {
			isa = XCSwiftPackageProductDependency;
			package = 04CD2D202DCA4C3E0056B4C4 /* XCRemoteSwiftPackageReference "purchases-ios" */;
			productName = RevenueCatUI;
		};
/* End XCSwiftPackageProductDependency section */
	};
	rootObject = 04CD2BCB2DCA121D0056B4C4 /* Project object */;
}
